
Microsoft Visual Studio Solution File, Format Version 12.00
# Visual Studio Version 17
VisualStudioVersion = 17.5.33530.505
MinimumVisualStudioVersion = 10.0.40219.1
Project("{FAE04EC0-301F-11D3-BF4B-00C04F79EFBC}") = "project 4", "project 4\project 4.csproj", "{8FBD19B1-3C86-4F55-8D34-C1CAFD68A42C}"
EndProject
Global
	GlobalSection(SolutionConfigurationPlatforms) = preSolution
		Debug|Any CPU = Debug|Any CPU
		Release|Any CPU = Release|Any CPU
	EndGlobalSection
	GlobalSection(ProjectConfigurationPlatforms) = postSolution
		{8FBD19B1-3C86-4F55-8D34-C1CAFD68A42C}.Debug|Any CPU.ActiveCfg = Debug|Any CPU
		{8FBD19B1-3C86-4F55-8D34-C1CAFD68A42C}.Debug|Any CPU.Build.0 = Debug|Any CPU
		{8FBD19B1-3C86-4F55-8D34-C1CAFD68A42C}.Release|Any CPU.ActiveCfg = Release|Any CPU
		{8FBD19B1-3C86-4F55-8D34-C1CAFD68A42C}.Release|Any CPU.Build.0 = Release|Any CPU
	EndGlobalSection
	GlobalSection(SolutionProperties) = preSolution
		HideSolutionNode = FALSE
	EndGlobalSection
	GlobalSection(ExtensibilityGlobals) = postSolution
		SolutionGuid = {DBDDC041-E922-4BF8-BAF9-D6CAFC5E20E0}
	EndGlobalSection
EndGlobal
